
Microsoft Visual Studio Solution File, Format Version 12.00
# Visual Studio Version 16
VisualStudioVersion = 16.0.33328.57
MinimumVisualStudioVersion = 10.0.40219.1
Project("{FAE04EC0-301F-11D3-BF4B-00C04F79EFBC}") = "NotasAlummnos", "NotasAlummnos\NotasAlummnos.csproj", "{BCCEF9B9-B5FD-4B6D-B03C-89247ABE73F0}"
EndProject
Global
	GlobalSection(SolutionConfigurationPlatforms) = preSolution
		Debug|Any CPU = Debug|Any CPU
		Release|Any CPU = Release|Any CPU
	EndGlobalSection
	GlobalSection(ProjectConfigurationPlatforms) = postSolution
		{BCCEF9B9-B5FD-4B6D-B03C-89247ABE73F0}.Debug|Any CPU.ActiveCfg = Debug|Any CPU
		{BCCEF9B9-B5FD-4B6D-B03C-89247ABE73F0}.Debug|Any CPU.Build.0 = Debug|Any CPU
		{BCCEF9B9-B5FD-4B6D-B03C-89247ABE73F0}.Release|Any CPU.ActiveCfg = Release|Any CPU
		{BCCEF9B9-B5FD-4B6D-B03C-89247ABE73F0}.Release|Any CPU.Build.0 = Release|Any CPU
	EndGlobalSection
	GlobalSection(SolutionProperties) = preSolution
		HideSolutionNode = FALSE
	EndGlobalSection
	GlobalSection(ExtensibilityGlobals) = postSolution
		SolutionGuid = {E021173E-C91C-444C-92B8-7939D03DE28B}
	EndGlobalSection
EndGlobal
